// !$*UTF8*$!
{
	archiveVersion = 1;
	classes = {
	};
	objectVersion = 56;
	objects = {

/* Begin PBXBuildFile section */
		6C12268C2A610F6900E3229E /* AppDelegate.swift in Sources */ = {isa = PBXBuildFile; fileRef = 6C12268B2A610F6900E3229E /* AppDelegate.swift */; };
		6C12268E2A610F6900E3229E /* SceneDelegate.swift in Sources */ = {isa = PBXBuildFile; fileRef = 6C12268D2A610F6900E3229E /* SceneDelegate.swift */; };
		6C1226902A610F6900E3229E /* ViewController.swift in Sources */ = {isa = PBXBuildFile; fileRef = 6C12268F2A610F6900E3229E /* ViewController.swift */; };
		6C1226932A610F6900E3229E /* Main.storyboard in Resources */ = {isa = PBXBuildFile; fileRef = 6C1226912A610F6900E3229E /* Main.storyboard */; };
		6C1226962A610F6900E3229E /* Bancoppel.xcdatamodeld in Sources */ = {isa = PBXBuildFile; fileRef = 6C1226942A610F6900E3229E /* Bancoppel.xcdatamodeld */; };
		6C1226982A610F6B00E3229E /* Assets.xcassets in Resources */ = {isa = PBXBuildFile; fileRef = 6C1226972A610F6B00E3229E /* Assets.xcassets */; };
		6C12269B2A610F6B00E3229E /* LaunchScreen.storyboard in Resources */ = {isa = PBXBuildFile; fileRef = 6C1226992A610F6B00E3229E /* LaunchScreen.storyboard */; };
		6C1226A32A610FE200E3229E /* UIVIew+Extension.swift in Sources */ = {isa = PBXBuildFile; fileRef = 6C1226A22A610FE200E3229E /* UIVIew+Extension.swift */; };
		6C1226A52A61163500E3229E /* RetiroViewController.swift in Sources */ = {isa = PBXBuildFile; fileRef = 6C1226A42A61163500E3229E /* RetiroViewController.swift */; };
		6C1226A72A61163F00E3229E /* DepositoViewController.swift in Sources */ = {isa = PBXBuildFile; fileRef = 6C1226A62A61163F00E3229E /* DepositoViewController.swift */; };
/* End PBXBuildFile section */

/* Begin PBXFileReference section */
		6C1226882A610F6900E3229E /* Bancoppel.app */ = {isa = PBXFileReference; explicitFileType = wrapper.application; includeInIndex = 0; path = Bancoppel.app; sourceTree = BUILT_PRODUCTS_DIR; };
		6C12268B2A610F6900E3229E /* AppDelegate.swift */ = {isa = PBXFileReference; lastKnownFileType = sourcecode.swift; path = AppDelegate.swift; sourceTree = "<group>"; };
		6C12268D2A610F6900E3229E /* SceneDelegate.swift */ = {isa = PBXFileReference; lastKnownFileType = sourcecode.swift; path = SceneDelegate.swift; sourceTree = "<group>"; };
		6C12268F2A610F6900E3229E /* ViewController.swift */ = {isa = PBXFileReference; lastKnownFileType = sourcecode.swift; path = ViewController.swift; sourceTree = "<group>"; };
		6C1226922A610F6900E3229E /* Base */ = {isa = PBXFileReference; lastKnownFileType = file.storyboard; name = Base; path = Base.lproj/Main.storyboard; sourceTree = "<group>"; };
		6C1226952A610F6900E3229E /* Bancoppel.xcdatamodel */ = {isa = PBXFileReference; lastKnownFileType = wrapper.xcdatamodel; path = Bancoppel.xcdatamodel; sourceTree = "<group>"; };
		6C1226972A610F6B00E3229E /* Assets.xcassets */ = {isa = PBXFileReference; lastKnownFileType = folder.assetcatalog; path = Assets.xcassets; sourceTree = "<group>"; };
		6C12269A2A610F6B00E3229E /* Base */ = {isa = PBXFileReference; lastKnownFileType = file.storyboard; name = Base; path = Base.lproj/LaunchScreen.storyboard; sourceTree = "<group>"; };
		6C12269C2A610F6B00E3229E /* Info.plist */ = {isa = PBXFileReference; lastKnownFileType = text.plist.xml; path = Info.plist; sourceTree = "<group>"; };
		6C1226A22A610FE200E3229E /* UIVIew+Extension.swift */ = {isa = PBXFileReference; lastKnownFileType = sourcecode.swift; path = "UIVIew+Extension.swift"; sourceTree = "<group>"; };
		6C1226A42A61163500E3229E /* RetiroViewController.swift */ = {isa = PBXFileReference; lastKnownFileType = sourcecode.swift; path = RetiroViewController.swift; sourceTree = "<group>"; };
		6C1226A62A61163F00E3229E /* DepositoViewController.swift */ = {isa = PBXFileReference; lastKnownFileType = sourcecode.swift; path = DepositoViewController.swift; sourceTree = "<group>"; };
/* End PBXFileReference section */

/* Begin PBXFrameworksBuildPhase section */
		6C1226852A610F6900E3229E /* Frameworks */ = {
			isa = PBXFrameworksBuildPhase;
			buildActionMask = 2147483647;
			files = (
			);
			runOnlyForDeploymentPostprocessing = 0;
		};
/* End PBXFrameworksBuildPhase section */

/* Begin PBXGroup section */
		6C12267F2A610F6900E3229E = {
			isa = PBXGroup;
			children = (
				6C12268A2A610F6900E3229E /* Bancoppel */,
				6C1226892A610F6900E3229E /* Products */,
			);
			sourceTree = "<group>";
		};
		6C1226892A610F6900E3229E /* Products */ = {
			isa = PBXGroup;
			children = (
				6C1226882A610F6900E3229E /* Bancoppel.app */,
			);
			name = Products;
			sourceTree = "<group>";
		};
		6C12268A2A610F6900E3229E /* Bancoppel */ = {
			isa = PBXGroup;
			children = (
				6C12268B2A610F6900E3229E /* AppDelegate.swift */,
				6C12268D2A610F6900E3229E /* SceneDelegate.swift */,
				6C12268F2A610F6900E3229E /* ViewController.swift */,
				6C1226912A610F6900E3229E /* Main.storyboard */,
				6C1226972A610F6B00E3229E /* Assets.xcassets */,
				6C1226992A610F6B00E3229E /* LaunchScreen.storyboard */,
				6C12269C2A610F6B00E3229E /* Info.plist */,
				6C1226942A610F6900E3229E /* Bancoppel.xcdatamodeld */,
				6C1226A22A610FE200E3229E /* UIVIew+Extension.swift */,
				6C1226A42A61163500E3229E /* RetiroViewController.swift */,
				6C1226A62A61163F00E3229E /* DepositoViewController.swift */,
			);
			path = Bancoppel;
			sourceTree = "<group>";
		};
/* End PBXGroup section */

/* Begin PBXNativeTarget section */
		6C1226872A610F6900E3229E /* Bancoppel */ = {
			isa = PBXNativeTarget;
			buildConfigurationList = 6C12269F2A610F6B00E3229E /* Build configuration list for PBXNativeTarget "Bancoppel" */;
			buildPhases = (
				6C1226842A610F6900E3229E /* Sources */,
				6C1226852A610F6900E3229E /* Frameworks */,
				6C1226862A610F6900E3229E /* Resources */,
			);
			buildRules = (
			);
			dependencies = (
			);
			name = Bancoppel;
			productName = Bancoppel;
			productReference = 6C1226882A610F6900E3229E /* Bancoppel.app */;
			productType = "com.apple.product-type.application";
		};
/* End PBXNativeTarget section */

/* Begin PBXProject section */
		6C1226802A610F6900E3229E /* Project object */ = {
			isa = PBXProject;
			attributes = {
				BuildIndependentTargetsInParallel = 1;
				LastSwiftUpdateCheck = 1430;
				LastUpgradeCheck = 1430;
				TargetAttributes = {
					6C1226872A610F6900E3229E = {
						CreatedOnToolsVersion = 14.3.1;
					};
				};
			};
			buildConfigurationList = 6C1226832A610F6900E3229E /* Build configuration list for PBXProject "Bancoppel" */;
			compatibilityVersion = "Xcode 14.0";
			developmentRegion = en;
			hasScannedForEncodings = 0;
			knownRegions = (
				en,
				Base,
			);
			mainGroup = 6C12267F2A610F6900E3229E;
			productRefGroup = 6C1226892A610F6900E3229E /* Products */;
			projectDirPath = "";
			projectRoot = "";
			targets = (
				6C1226872A610F6900E3229E /* Bancoppel */,
			);
		};
/* End PBXProject section */

/* Begin PBXResourcesBuildPhase section */
		6C1226862A610F6900E3229E /* Resources */ = {
			isa = PBXResourcesBuildPhase;
			buildActionMask = 2147483647;
			files = (
				6C12269B2A610F6B00E3229E /* LaunchScreen.storyboard in Resources */,
				6C1226982A610F6B00E3229E /* Assets.xcassets in Resources */,
				6C1226932A610F6900E3229E /* Main.storyboard in Resources */,
			);
			runOnlyForDeploymentPostprocessing = 0;
		};
/* End PBXResourcesBuildPhase section */

/* Begin PBXSourcesBuildPhase section */
		6C1226842A610F6900E3229E /* Sources */ = {
			isa = PBXSourcesBuildPhase;
			buildActionMask = 2147483647;
			files = (
				6C1226902A610F6900E3229E /* ViewController.swift in Sources */,
				6C12268C2A610F6900E3229E /* AppDelegate.swift in Sources */,
				6C1226962A610F6900E3229E /* Bancoppel.xcdatamodeld in Sources */,
				6C1226A52A61163500E3229E /* RetiroViewController.swift in Sources */,
				6C1226A32A610FE200E3229E /* UIVIew+Extension.swift in Sources */,
				6C1226A72A61163F00E3229E /* DepositoViewController.swift in Sources */,
				6C12268E2A610F6900E3229E /* SceneDelegate.swift in Sources */,
			);
			runOnlyForDeploymentPostprocessing = 0;
		};
/* End PBXSourcesBuildPhase section */

/* Begin PBXVariantGroup section */
		6C1226912A610F6900E3229E /* Main.storyboard */ = {
			isa = PBXVariantGroup;
			children = (
				6C1226922A610F6900E3229E /* Base */,
			);
			name = Main.storyboard;
			sourceTree = "<group>";
		};
		6C1226992A610F6B00E3229E /* LaunchScreen.storyboard */ = {
			isa = PBXVariantGroup;
			children = (
				6C12269A2A610F6B00E3229E /* Base */,
			);
			name = LaunchScreen.storyboard;
			sourceTree = "<group>";
		};
/* End PBXVariantGroup section */

/* Begin XCBuildConfiguration section */
		6C12269D2A610F6B00E3229E /* Debug */ = {
			isa = XCBuildConfiguration;
			buildSettings = {
				ALWAYS_SEARCH_USER_PATHS = NO;
				CLANG_ANALYZER_NONNULL = YES;
				CLANG_ANALYZER_NUMBER_OBJECT_CONVERSION = YES_AGGRESSIVE;
				CLANG_CXX_LANGUAGE_STANDARD = "gnu++20";
				CLANG_ENABLE_MODULES = YES;
				CLANG_ENABLE_OBJC_ARC = YES;
				CLANG_ENABLE_OBJC_WEAK = YES;
				CLANG_WARN_BLOCK_CAPTURE_AUTORELEASING = YES;
				CLANG_WARN_BOOL_CONVERSION = YES;
				CLANG_WARN_COMMA = YES;
				CLANG_WARN_CONSTANT_CONVERSION = YES;
				CLANG_WARN_DEPRECATED_OBJC_IMPLEMENTATIONS = YES;
				CLANG_WARN_DIRECT_OBJC_ISA_USAGE = YES_ERROR;
				CLANG_WARN_DOCUMENTATION_COMMENTS = YES;
				CLANG_WARN_EMPTY_BODY = YES;
				CLANG_WARN_ENUM_CONVERSION = YES;
				CLANG_WARN_INFINITE_RECURSION = YES;
				CLANG_WARN_INT_CONVERSION = YES;
				CLANG_WARN_NON_LITERAL_NULL_CONVERSION = YES;
				CLANG_WARN_OBJC_IMPLICIT_RETAIN_SELF = YES;
				CLANG_WARN_OBJC_LITERAL_CONVERSION = YES;
				CLANG_WARN_OBJC_ROOT_CLASS = YES_ERROR;
				CLANG_WARN_QUOTED_INCLUDE_IN_FRAMEWORK_HEADER = YES;
				CLANG_WARN_RANGE_LOOP_ANALYSIS = YES;
				CLANG_WARN_STRICT_PROTOTYPES = YES;
				CLANG_WARN_SUSPICIOUS_MOVE = YES;
				CLANG_WARN_UNGUARDED_AVAILABILITY = YES_AGGRESSIVE;
				CLANG_WARN_UNREACHABLE_CODE = YES;
				CLANG_WARN__DUPLICATE_METHOD_MATCH = YES;
				COPY_PHASE_STRIP = NO;
				DEBUG_INFORMATION_FORMAT = dwarf;
				ENABLE_STRICT_OBJC_MSGSEND = YES;
				ENABLE_TESTABILITY = YES;
				GCC_C_LANGUAGE_STANDARD = gnu11;
				GCC_DYNAMIC_NO_PIC = NO;
				GCC_NO_COMMON_BLOCKS = YES;
				GCC_OPTIMIZATION_LEVEL = 0;
				GCC_PREPROCESSOR_DEFINITIONS = (
					"DEBUG=1",
					"$(inherited)",
				);
				GCC_WARN_64_TO_32_BIT_CONVERSION = YES;
				GCC_WARN_ABOUT_RETURN_TYPE = YES_ERROR;
				GCC_WARN_UNDECLARED_SELECTOR = YES;
				GCC_WARN_UNINITIALIZED_AUTOS = YES_AGGRESSIVE;
				GCC_WARN_UNUSED_FUNCTION = YES;
				GCC_WARN_UNUSED_VARIABLE = YES;
				IPHONEOS_DEPLOYMENT_TARGET = 16.4;
				MTL_ENABLE_DEBUG_INFO = INCLUDE_SOURCE;
				MTL_FAST_MATH = YES;
				ONLY_ACTIVE_ARCH = YES;
				SDKROOT = iphoneos;
				SWIFT_ACTIVE_COMPILATION_CONDITIONS = DEBUG;
				SWIFT_OPTIMIZATION_LEVEL = "-Onone";
			};
			name = Debug;
		};
		6C12269E2A610F6B00E3229E /* Release */ = {
			isa = XCBuildConfiguration;
			buildSettings = {
				ALWAYS_SEARCH_USER_PATHS = NO;
				CLANG_ANALYZER_NONNULL = YES;
				CLANG_ANALYZER_NUMBER_OBJECT_CONVERSION = YES_AGGRESSIVE;
				CLANG_CXX_LANGUAGE_STANDARD = "gnu++20";
				CLANG_ENABLE_MODULES = YES;
				CLANG_ENABLE_OBJC_ARC = YES;
				CLANG_ENABLE_OBJC_WEAK = YES;
				CLANG_WARN_BLOCK_CAPTURE_AUTORELEASING = YES;
				CLANG_WARN_BOOL_CONVERSION = YES;
				CLANG_WARN_COMMA = YES;
				CLANG_WARN_CONSTANT_CONVERSION = YES;
				CLANG_WARN_DEPRECATED_OBJC_IMPLEMENTATIONS = YES;
				CLANG_WARN_DIRECT_OBJC_ISA_USAGE = YES_ERROR;
				CLANG_WARN_DOCUMENTATION_COMMENTS = YES;
				CLANG_WARN_EMPTY_BODY = YES;
				CLANG_WARN_ENUM_CONVERSION = YES;
				CLANG_WARN_INFINITE_RECURSION = YES;
				CLANG_WARN_INT_CONVERSION = YES;
				CLANG_WARN_NON_LITERAL_NULL_CONVERSION = YES;
				CLANG_WARN_OBJC_IMPLICIT_RETAIN_SELF = YES;
				CLANG_WARN_OBJC_LITERAL_CONVERSION = YES;
				CLANG_WARN_OBJC_ROOT_CLASS = YES_ERROR;
				CLANG_WARN_QUOTED_INCLUDE_IN_FRAMEWORK_HEADER = YES;
				CLANG_WARN_RANGE_LOOP_ANALYSIS = YES;
				CLANG_WARN_STRICT_PROTOTYPES = YES;
				CLANG_WARN_SUSPICIOUS_MOVE = YES;
				CLANG_WARN_UNGUARDED_AVAILABILITY = YES_AGGRESSIVE;
				CLANG_WARN_UNREACHABLE_CODE = YES;
				CLANG_WARN__DUPLICATE_METHOD_MATCH = YES;
				COPY_PHASE_STRIP = NO;
				DEBUG_INFORMATION_FORMAT = "dwarf-with-dsym";
				ENABLE_NS_ASSERTIONS = NO;
				ENABLE_STRICT_OBJC_MSGSEND = YES;
				GCC_C_LANGUAGE_STANDARD = gnu11;
				GCC_NO_COMMON_BLOCKS = YES;
				GCC_WARN_64_TO_32_BIT_CONVERSION = YES;
				GCC_WARN_ABOUT_RETURN_TYPE = YES_ERROR;
				GCC_WARN_UNDECLARED_SELECTOR = YES;
				GCC_WARN_UNINITIALIZED_AUTOS = YES_AGGRESSIVE;
				GCC_WARN_UNUSED_FUNCTION = YES;
				GCC_WARN_UNUSED_VARIABLE = YES;
				IPHONEOS_DEPLOYMENT_TARGET = 16.4;
				MTL_ENABLE_DEBUG_INFO = NO;
				MTL_FAST_MATH = YES;
				SDKROOT = iphoneos;
				SWIFT_COMPILATION_MODE = wholemodule;
				SWIFT_OPTIMIZATION_LEVEL = "-O";
				VALIDATE_PRODUCT = YES;
			};
			name = Release;
		};
		6C1226A02A610F6B00E3229E /* Debug */ = {
			isa = XCBuildConfiguration;
			buildSettings = {
				ASSETCATALOG_COMPILER_APPICON_NAME = AppIcon;
				ASSETCATALOG_COMPILER_GLOBAL_ACCENT_COLOR_NAME = AccentColor;
				CODE_SIGN_STYLE = Automatic;
				CURRENT_PROJECT_VERSION = 1;
				DEVELOPMENT_TEAM = 345UR7Z9A7;
				GENERATE_INFOPLIST_FILE = YES;
				INFOPLIST_FILE = Bancoppel/Info.plist;
				INFOPLIST_KEY_UIApplicationSupportsIndirectInputEvents = YES;
				INFOPLIST_KEY_UILaunchStoryboardName = LaunchScreen;
				INFOPLIST_KEY_UIMainStoryboardFile = Main;
				INFOPLIST_KEY_UISupportedInterfaceOrientations_iPad = "UIInterfaceOrientationPortrait UIInterfaceOrientationPortraitUpsideDown UIInterfaceOrientationLandscapeLeft UIInterfaceOrientationLandscapeRight";
				INFOPLIST_KEY_UISupportedInterfaceOrientations_iPhone = "UIInterfaceOrientationPortrait UIInterfaceOrientationLandscapeLeft UIInterfaceOrientationLandscapeRight";
				LD_RUNPATH_SEARCH_PATHS = (
					"$(inherited)",
					"@executable_path/Frameworks",
				);
				MARKETING_VERSION = 1.0;
				PRODUCT_BUNDLE_IDENTIFIER = com.rotadevsolutions.Bancoppel;
				PRODUCT_NAME = "$(TARGET_NAME)";
				SWIFT_EMIT_LOC_STRINGS = YES;
				SWIFT_VERSION = 5.0;
				TARGETED_DEVICE_FAMILY = "1,2";
			};
			name = Debug;
		};
		6C1226A12A610F6B00E3229E /* Release */ = {
			isa = XCBuildConfiguration;
			buildSettings = {
				ASSETCATALOG_COMPILER_APPICON_NAME = AppIcon;
				ASSETCATALOG_COMPILER_GLOBAL_ACCENT_COLOR_NAME = AccentColor;
				CODE_SIGN_STYLE = Automatic;
				CURRENT_PROJECT_VERSION = 1;
				DEVELOPMENT_TEAM = 345UR7Z9A7;
				GENERATE_INFOPLIST_FILE = YES;
				INFOPLIST_FILE = Bancoppel/Info.plist;
				INFOPLIST_KEY_UIApplicationSupportsIndirectInputEvents = YES;
				INFOPLIST_KEY_UILaunchStoryboardName = LaunchScreen;
				INFOPLIST_KEY_UIMainStoryboardFile = Main;
				INFOPLIST_KEY_UISupportedInterfaceOrientations_iPad = "UIInterfaceOrientationPortrait UIInterfaceOrientationPortraitUpsideDown UIInterfaceOrientationLandscapeLeft UIInterfaceOrientationLandscapeRight";
				INFOPLIST_KEY_UISupportedInterfaceOrientations_iPhone = "UIInterfaceOrientationPortrait UIInterfaceOrientationLandscapeLeft UIInterfaceOrientationLandscapeRight";
				LD_RUNPATH_SEARCH_PATHS = (
					"$(inherited)",
					"@executable_path/Frameworks",
				);
				MARKETING_VERSION = 1.0;
				PRODUCT_BUNDLE_IDENTIFIER = com.rotadevsolutions.Bancoppel;
				PRODUCT_NAME = "$(TARGET_NAME)";
				SWIFT_EMIT_LOC_STRINGS = YES;
				SWIFT_VERSION = 5.0;
				TARGETED_DEVICE_FAMILY = "1,2";
			};
			name = Release;
		};
/* End XCBuildConfiguration section */

/* Begin XCConfigurationList section */
		6C1226832A610F6900E3229E /* Build configuration list for PBXProject "Bancoppel" */ = {
			isa = XCConfigurationList;
			buildConfigurations = (
				6C12269D2A610F6B00E3229E /* Debug */,
				6C12269E2A610F6B00E3229E /* Release */,
			);
			defaultConfigurationIsVisible = 0;
			defaultConfigurationName = Release;
		};
		6C12269F2A610F6B00E3229E /* Build configuration list for PBXNativeTarget "Bancoppel" */ = {
			isa = XCConfigurationList;
			buildConfigurations = (
				6C1226A02A610F6B00E3229E /* Debug */,
				6C1226A12A610F6B00E3229E /* Release */,
			);
			defaultConfigurationIsVisible = 0;
			defaultConfigurationName = Release;
		};
/* End XCConfigurationList section */

/* Begin XCVersionGroup section */
		6C1226942A610F6900E3229E /* Bancoppel.xcdatamodeld */ = {
			isa = XCVersionGroup;
			children = (
				6C1226952A610F6900E3229E /* Bancoppel.xcdatamodel */,
			);
			currentVersion = 6C1226952A610F6900E3229E /* Bancoppel.xcdatamodel */;
			path = Bancoppel.xcdatamodeld;
			sourceTree = "<group>";
			versionGroupType = wrapper.xcdatamodel;
		};
/* End XCVersionGroup section */
	};
	rootObject = 6C1226802A610F6900E3229E /* Project object */;
}
